
Microsoft Visual Studio Solution File, Format Version 12.00
# Visual Studio Version 17
VisualStudioVersion = 17.11.35327.3
MinimumVisualStudioVersion = 10.0.40219.1
Project("{9A19103F-16F7-4668-BE54-9A1E7A4F7556}") = "ToursApi.ServiceLayer", "ToursApi.ServiceLayer\ToursApi.ServiceLayer.csproj", "{B23580A1-595E-4646-B17A-6C0D32604CF7}"
EndProject
Project("{9A19103F-16F7-4668-BE54-9A1E7A4F7556}") = "ToursApi", "ToursApi\ToursApi.csproj", "{00EDF44D-9E46-49EB-86F2-7B557E517566}"
EndProject
Global
	GlobalSection(SolutionConfigurationPlatforms) = preSolution
		Debug|Any CPU = Debug|Any CPU
		Release|Any CPU = Release|Any CPU
	EndGlobalSection
	GlobalSection(ProjectConfigurationPlatforms) = postSolution
		{B23580A1-595E-4646-B17A-6C0D32604CF7}.Debug|Any CPU.ActiveCfg = Debug|Any CPU
		{B23580A1-595E-4646-B17A-6C0D32604CF7}.Debug|Any CPU.Build.0 = Debug|Any CPU
		{B23580A1-595E-4646-B17A-6C0D32604CF7}.Release|Any CPU.ActiveCfg = Release|Any CPU
		{B23580A1-595E-4646-B17A-6C0D32604CF7}.Release|Any CPU.Build.0 = Release|Any CPU
		{00EDF44D-9E46-49EB-86F2-7B557E517566}.Debug|Any CPU.ActiveCfg = Debug|Any CPU
		{00EDF44D-9E46-49EB-86F2-7B557E517566}.Debug|Any CPU.Build.0 = Debug|Any CPU
		{00EDF44D-9E46-49EB-86F2-7B557E517566}.Release|Any CPU.ActiveCfg = Release|Any CPU
		{00EDF44D-9E46-49EB-86F2-7B557E517566}.Release|Any CPU.Build.0 = Release|Any CPU
	EndGlobalSection
	GlobalSection(SolutionProperties) = preSolution
		HideSolutionNode = FALSE
	EndGlobalSection
	GlobalSection(ExtensibilityGlobals) = postSolution
		SolutionGuid = {10827C51-43F1-4871-AFC4-F43B9DFB083D}
	EndGlobalSection
EndGlobal
